
Microsoft Visual Studio Solution File, Format Version 12.00
# Visual Studio Version 16
VisualStudioVersion = 16.0.30717.126
MinimumVisualStudioVersion = 10.0.40219.1
Project("{FAE04EC0-301F-11D3-BF4B-00C04F79EFBC}") = "HTTP-Requests", "HTTP-Requests.csproj", "{DE19BD24-6ECE-4367-80B9-121FF5635F63}"
EndProject
Global
	GlobalSection(SolutionConfigurationPlatforms) = preSolution
		Debug|Any CPU = Debug|Any CPU
		Release|Any CPU = Release|Any CPU
	EndGlobalSection
	GlobalSection(ProjectConfigurationPlatforms) = postSolution
		{DE19BD24-6ECE-4367-80B9-121FF5635F63}.Debug|Any CPU.ActiveCfg = Debug|Any CPU
		{DE19BD24-6ECE-4367-80B9-121FF5635F63}.Debug|Any CPU.Build.0 = Debug|Any CPU
		{DE19BD24-6ECE-4367-80B9-121FF5635F63}.Release|Any CPU.ActiveCfg = Release|Any CPU
		{DE19BD24-6ECE-4367-80B9-121FF5635F63}.Release|Any CPU.Build.0 = Release|Any CPU
	EndGlobalSection
	GlobalSection(SolutionProperties) = preSolution
		HideSolutionNode = FALSE
	EndGlobalSection
	GlobalSection(ExtensibilityGlobals) = postSolution
		SolutionGuid = {12CF949B-A0E6-4AB7-9229-E37BB5D71382}
	EndGlobalSection
EndGlobal
